// !$*UTF8*$!
{
	archiveVersion = 1;
	classes = {
	};
	objectVersion = 50;
	objects = {

/* Begin PBXFileReference section */
		D49F42A921B4471100EF490C /* fun.c */ = {isa = PBXFileReference; lastKnownFileType = sourcecode.c.c; path = fun.c; sourceTree = "<group>"; };
/* End PBXFileReference section */

/* Begin PBXGroup section */
		D49F42A221B446F000EF490C = {
			isa = PBXGroup;
			children = (
				D49F42A921B4471100EF490C /* fun.c */,
			);
			sourceTree = "<group>";
		};
/* End PBXGroup section */

/* Begin PBXProject section */
		D49F42A321B446F000EF490C /* Project object */ = {
			isa = PBXProject;
			attributes = {
				LastUpgradeCheck = 1010;
			};
			buildConfigurationList = D49F42A621B446F000EF490C /* Build configuration list for PBXProject "ExtraCredit 310" */;
			compatibilityVersion = "Xcode 9.3";
			developmentRegion = en;
			hasScannedForEncodings = 0;
			knownRegions = (
				en,
			);
			mainGroup = D49F42A221B446F000EF490C;
			projectDirPath = "";
			projectRoot = "";
			targets = (
			);
		};
/* End PBXProject section */

/* Begin XCBuildConfiguration section */
		D49F42A721B446F000EF490C /* Debug */ = {
			isa = XCBuildConfiguration;
			buildSettings = {
			};
			name = Debug;
		};
		D49F42A821B446F000EF490C /* Release */ = {
			isa = XCBuildConfiguration;
			buildSettings = {
			};
			name = Release;
		};
/* End XCBuildConfiguration section */

/* Begin XCConfigurationList section */
		D49F42A621B446F000EF490C /* Build configuration list for PBXProject "ExtraCredit 310" */ = {
			isa = XCConfigurationList;
			buildConfigurations = (
				D49F42A721B446F000EF490C /* Debug */,
				D49F42A821B446F000EF490C /* Release */,
			);
			defaultConfigurationIsVisible = 0;
			defaultConfigurationName = Release;
		};
/* End XCConfigurationList section */
	};
	rootObject = D49F42A321B446F000EF490C /* Project object */;
}
